
Microsoft Visual Studio Solution File, Format Version 12.00
# Visual Studio Version 17
VisualStudioVersion = 17.2.32616.157
MinimumVisualStudioVersion = 10.0.40219.1
Project("{FAE04EC0-301F-11D3-BF4B-00C04F79EFBC}") = "IntToRomanNumerals", "IntToRomanNumerals\IntToRomanNumerals.csproj", "{CE12D084-DEB2-43F9-828C-8E29E4EF4B3C}"
EndProject
Project("{FAE04EC0-301F-11D3-BF4B-00C04F79EFBC}") = "UnitTests", "UnitTests\UnitTests.csproj", "{4D0B35ED-848D-4965-AA8B-829D6F433C81}"
EndProject
Global
	GlobalSection(SolutionConfigurationPlatforms) = preSolution
		Debug|Any CPU = Debug|Any CPU
		Release|Any CPU = Release|Any CPU
	EndGlobalSection
	GlobalSection(ProjectConfigurationPlatforms) = postSolution
		{CE12D084-DEB2-43F9-828C-8E29E4EF4B3C}.Debug|Any CPU.ActiveCfg = Debug|Any CPU
		{CE12D084-DEB2-43F9-828C-8E29E4EF4B3C}.Debug|Any CPU.Build.0 = Debug|Any CPU
		{CE12D084-DEB2-43F9-828C-8E29E4EF4B3C}.Release|Any CPU.ActiveCfg = Release|Any CPU
		{CE12D084-DEB2-43F9-828C-8E29E4EF4B3C}.Release|Any CPU.Build.0 = Release|Any CPU
		{4D0B35ED-848D-4965-AA8B-829D6F433C81}.Debug|Any CPU.ActiveCfg = Debug|Any CPU
		{4D0B35ED-848D-4965-AA8B-829D6F433C81}.Debug|Any CPU.Build.0 = Debug|Any CPU
		{4D0B35ED-848D-4965-AA8B-829D6F433C81}.Release|Any CPU.ActiveCfg = Release|Any CPU
		{4D0B35ED-848D-4965-AA8B-829D6F433C81}.Release|Any CPU.Build.0 = Release|Any CPU
	EndGlobalSection
	GlobalSection(SolutionProperties) = preSolution
		HideSolutionNode = FALSE
	EndGlobalSection
	GlobalSection(ExtensibilityGlobals) = postSolution
		SolutionGuid = {4E65EFF9-E72D-4F84-BFCD-F73D99D1C9FE}
	EndGlobalSection
EndGlobal
